
Microsoft Visual Studio Solution File, Format Version 12.00
# Visual Studio Version 16
VisualStudioVersion = 16.0.31911.196
MinimumVisualStudioVersion = 10.0.40219.1
Project("{8BC9CEB8-8B4A-11D0-8D11-00A0C91BC942}") = "GlutPlayground", "GlutPlayground.vcxproj", "{19940EEC-F67E-4716-B0C8-A5CEB73FC1F4}"
EndProject
Project("{8BC9CEB8-8B4A-11D0-8D11-00A0C91BC942}") = "MouseCircles", "..\MouseCircles\MouseCircles.vcxproj", "{5F9AA02F-04F9-4BA4-AF24-8CE05C0CA13A}"
EndProject
Global
	GlobalSection(SolutionConfigurationPlatforms) = preSolution
		Debug|x64 = Debug|x64
		Debug|x86 = Debug|x86
		Release|x64 = Release|x64
		Release|x86 = Release|x86
	EndGlobalSection
	GlobalSection(ProjectConfigurationPlatforms) = postSolution
		{19940EEC-F67E-4716-B0C8-A5CEB73FC1F4}.Debug|x64.ActiveCfg = Debug|x64
		{19940EEC-F67E-4716-B0C8-A5CEB73FC1F4}.Debug|x64.Build.0 = Debug|x64
		{19940EEC-F67E-4716-B0C8-A5CEB73FC1F4}.Debug|x86.ActiveCfg = Debug|Win32
		{19940EEC-F67E-4716-B0C8-A5CEB73FC1F4}.Debug|x86.Build.0 = Debug|Win32
		{19940EEC-F67E-4716-B0C8-A5CEB73FC1F4}.Release|x64.ActiveCfg = Release|x64
		{19940EEC-F67E-4716-B0C8-A5CEB73FC1F4}.Release|x64.Build.0 = Release|x64
		{19940EEC-F67E-4716-B0C8-A5CEB73FC1F4}.Release|x86.ActiveCfg = Release|Win32
		{19940EEC-F67E-4716-B0C8-A5CEB73FC1F4}.Release|x86.Build.0 = Release|Win32
		{5F9AA02F-04F9-4BA4-AF24-8CE05C0CA13A}.Debug|x64.ActiveCfg = Debug|x64
		{5F9AA02F-04F9-4BA4-AF24-8CE05C0CA13A}.Debug|x64.Build.0 = Debug|x64
		{5F9AA02F-04F9-4BA4-AF24-8CE05C0CA13A}.Debug|x86.ActiveCfg = Debug|Win32
		{5F9AA02F-04F9-4BA4-AF24-8CE05C0CA13A}.Debug|x86.Build.0 = Debug|Win32
		{5F9AA02F-04F9-4BA4-AF24-8CE05C0CA13A}.Release|x64.ActiveCfg = Release|x64
		{5F9AA02F-04F9-4BA4-AF24-8CE05C0CA13A}.Release|x64.Build.0 = Release|x64
		{5F9AA02F-04F9-4BA4-AF24-8CE05C0CA13A}.Release|x86.ActiveCfg = Release|Win32
		{5F9AA02F-04F9-4BA4-AF24-8CE05C0CA13A}.Release|x86.Build.0 = Release|Win32
	EndGlobalSection
	GlobalSection(SolutionProperties) = preSolution
		HideSolutionNode = FALSE
	EndGlobalSection
	GlobalSection(ExtensibilityGlobals) = postSolution
		SolutionGuid = {0F53131A-0E69-4216-953B-05888B829974}
	EndGlobalSection
EndGlobal
